
Microsoft Visual Studio Solution File, Format Version 12.00
# Visual Studio Version 17
VisualStudioVersion = 17.10.34928.147
MinimumVisualStudioVersion = 10.0.40219.1
Project("{9A19103F-16F7-4668-BE54-9A1E7A4F7556}") = "PROJETOMVC", "PROJETOMVC.csproj", "{EDCEE35C-6BC0-41FD-AFB3-ED7545BF2ADD}"
EndProject
Global
	GlobalSection(SolutionConfigurationPlatforms) = preSolution
		Debug|Any CPU = Debug|Any CPU
		Release|Any CPU = Release|Any CPU
	EndGlobalSection
	GlobalSection(ProjectConfigurationPlatforms) = postSolution
		{EDCEE35C-6BC0-41FD-AFB3-ED7545BF2ADD}.Debug|Any CPU.ActiveCfg = Debug|Any CPU
		{EDCEE35C-6BC0-41FD-AFB3-ED7545BF2ADD}.Debug|Any CPU.Build.0 = Debug|Any CPU
		{EDCEE35C-6BC0-41FD-AFB3-ED7545BF2ADD}.Release|Any CPU.ActiveCfg = Release|Any CPU
		{EDCEE35C-6BC0-41FD-AFB3-ED7545BF2ADD}.Release|Any CPU.Build.0 = Release|Any CPU
	EndGlobalSection
	GlobalSection(SolutionProperties) = preSolution
		HideSolutionNode = FALSE
	EndGlobalSection
	GlobalSection(ExtensibilityGlobals) = postSolution
		SolutionGuid = {45AE47A6-31CC-4531-A213-6CAFCB07FF19}
	EndGlobalSection
EndGlobal
